// !$*UTF8*$!
{
	archiveVersion = 1;
	classes = {
	};
	objectVersion = 46;
	objects = {

/* Begin PBXBuildFile section */
		105B93DE1C71D5320050F92C /* main.m in Sources */ = {isa = PBXBuildFile; fileRef = 105B93DD1C71D5320050F92C /* main.m */; };
		105B93E11C71D5320050F92C /* AppDelegate.m in Sources */ = {isa = PBXBuildFile; fileRef = 105B93E01C71D5320050F92C /* AppDelegate.m */; };
		105B93E41C71D5320050F92C /* ViewController.m in Sources */ = {isa = PBXBuildFile; fileRef = 105B93E31C71D5320050F92C /* ViewController.m */; };
		105B93E71C71D5320050F92C /* Main.storyboard in Resources */ = {isa = PBXBuildFile; fileRef = 105B93E51C71D5320050F92C /* Main.storyboard */; };
		105B93E91C71D5320050F92C /* Assets.xcassets in Resources */ = {isa = PBXBuildFile; fileRef = 105B93E81C71D5320050F92C /* Assets.xcassets */; };
		105B93EC1C71D5320050F92C /* LaunchScreen.storyboard in Resources */ = {isa = PBXBuildFile; fileRef = 105B93EA1C71D5320050F92C /* LaunchScreen.storyboard */; };
		105B93F71C71D5320050F92C /* _____Tests.m in Sources */ = {isa = PBXBuildFile; fileRef = 105B93F61C71D5320050F92C /* _____Tests.m */; };
		105B94021C71D5320050F92C /* _____UITests.m in Sources */ = {isa = PBXBuildFile; fileRef = 105B94011C71D5320050F92C /* _____UITests.m */; };
		105B94331C71D8130050F92C /* libsqlite3.tbd in Frameworks */ = {isa = PBXBuildFile; fileRef = 105B94321C71D8130050F92C /* libsqlite3.tbd */; };
		10B5B3FE1C72B64900A80815 /* AreaModel.m in Sources */ = {isa = PBXBuildFile; fileRef = 10B5B3E81C72B64900A80815 /* AreaModel.m */; };
		10B5B3FF1C72B64900A80815 /* china_citys_name.db in Resources */ = {isa = PBXBuildFile; fileRef = 10B5B3E91C72B64900A80815 /* china_citys_name.db */; };
		10B5B4001C72B64900A80815 /* ChinaArea.m in Sources */ = {isa = PBXBuildFile; fileRef = 10B5B3EB1C72B64900A80815 /* ChinaArea.m */; };
		10B5B4011C72B64900A80815 /* ChinaPlckerView.m in Sources */ = {isa = PBXBuildFile; fileRef = 10B5B3ED1C72B64900A80815 /* ChinaPlckerView.m */; };
		10B5B4021C72B64900A80815 /* CityModel.m in Sources */ = {isa = PBXBuildFile; fileRef = 10B5B3EF1C72B64900A80815 /* CityModel.m */; };
		10B5B4031C72B64900A80815 /* FMDatabase.m in Sources */ = {isa = PBXBuildFile; fileRef = 10B5B3F21C72B64900A80815 /* FMDatabase.m */; };
		10B5B4041C72B64900A80815 /* FMDatabaseAdditions.m in Sources */ = {isa = PBXBuildFile; fileRef = 10B5B3F41C72B64900A80815 /* FMDatabaseAdditions.m */; };
		10B5B4051C72B64900A80815 /* FMDatabasePool.m in Sources */ = {isa = PBXBuildFile; fileRef = 10B5B3F61C72B64900A80815 /* FMDatabasePool.m */; };
		10B5B4061C72B64900A80815 /* FMDatabaseQueue.m in Sources */ = {isa = PBXBuildFile; fileRef = 10B5B3F81C72B64900A80815 /* FMDatabaseQueue.m */; };
		10B5B4071C72B64900A80815 /* FMResultSet.m in Sources */ = {isa = PBXBuildFile; fileRef = 10B5B3FB1C72B64900A80815 /* FMResultSet.m */; };
		10B5B4081C72B64900A80815 /* ProvinceModel.m in Sources */ = {isa = PBXBuildFile; fileRef = 10B5B3FD1C72B64900A80815 /* ProvinceModel.m */; };
/* End PBXBuildFile section */

/* Begin PBXContainerItemProxy section */
		105B93F31C71D5320050F92C /* PBXContainerItemProxy */ = {
			isa = PBXContainerItemProxy;
			containerPortal = 105B93D11C71D5320050F92C /* Project object */;
			proxyType = 1;
			remoteGlobalIDString = 105B93D81C71D5320050F92C;
			remoteInfo = "地址选择器";
		};
		105B93FE1C71D5320050F92C /* PBXContainerItemProxy */ = {
			isa = PBXContainerItemProxy;
			containerPortal = 105B93D11C71D5320050F92C /* Project object */;
			proxyType = 1;
			remoteGlobalIDString = 105B93D81C71D5320050F92C;
			remoteInfo = "地址选择器";
		};
/* End PBXContainerItemProxy section */

/* Begin PBXFileReference section */
		105B93D91C71D5320050F92C /* 地址选择器.app */ = {isa = PBXFileReference; explicitFileType = wrapper.application; includeInIndex = 0; path = "地址选择器.app"; sourceTree = BUILT_PRODUCTS_DIR; };
		105B93DD1C71D5320050F92C /* main.m */ = {isa = PBXFileReference; lastKnownFileType = sourcecode.c.objc; path = main.m; sourceTree = "<group>"; };
		105B93DF1C71D5320050F92C /* AppDelegate.h */ = {isa = PBXFileReference; lastKnownFileType = sourcecode.c.h; path = AppDelegate.h; sourceTree = "<group>"; };
		105B93E01C71D5320050F92C /* AppDelegate.m */ = {isa = PBXFileReference; lastKnownFileType = sourcecode.c.objc; path = AppDelegate.m; sourceTree = "<group>"; };
		105B93E21C71D5320050F92C /* ViewController.h */ = {isa = PBXFileReference; lastKnownFileType = sourcecode.c.h; path = ViewController.h; sourceTree = "<group>"; };
		105B93E31C71D5320050F92C /* ViewController.m */ = {isa = PBXFileReference; lastKnownFileType = sourcecode.c.objc; path = ViewController.m; sourceTree = "<group>"; };
		105B93E61C71D5320050F92C /* Base */ = {isa = PBXFileReference; lastKnownFileType = file.storyboard; name = Base; path = Base.lproj/Main.storyboard; sourceTree = "<group>"; };
		105B93E81C71D5320050F92C /* Assets.xcassets */ = {isa = PBXFileReference; lastKnownFileType = folder.assetcatalog; path = Assets.xcassets; sourceTree = "<group>"; };
		105B93EB1C71D5320050F92C /* Base */ = {isa = PBXFileReference; lastKnownFileType = file.storyboard; name = Base; path = Base.lproj/LaunchScreen.storyboard; sourceTree = "<group>"; };
		105B93ED1C71D5320050F92C /* Info.plist */ = {isa = PBXFileReference; lastKnownFileType = text.plist.xml; path = Info.plist; sourceTree = "<group>"; };
		105B93F21C71D5320050F92C /* 地址选择器Tests.xctest */ = {isa = PBXFileReference; explicitFileType = wrapper.cfbundle; includeInIndex = 0; path = "地址选择器Tests.xctest"; sourceTree = BUILT_PRODUCTS_DIR; };
		105B93F61C71D5320050F92C /* _____Tests.m */ = {isa = PBXFileReference; lastKnownFileType = sourcecode.c.objc; path = "_____Tests.m"; sourceTree = "<group>"; };
		105B93F81C71D5320050F92C /* Info.plist */ = {isa = PBXFileReference; lastKnownFileType = text.plist.xml; path = Info.plist; sourceTree = "<group>"; };
		105B93FD1C71D5320050F92C /* 地址选择器UITests.xctest */ = {isa = PBXFileReference; explicitFileType = wrapper.cfbundle; includeInIndex = 0; path = "地址选择器UITests.xctest"; sourceTree = BUILT_PRODUCTS_DIR; };
		105B94011C71D5320050F92C /* _____UITests.m */ = {isa = PBXFileReference; lastKnownFileType = sourcecode.c.objc; path = "_____UITests.m"; sourceTree = "<group>"; };
		105B94031C71D5320050F92C /* Info.plist */ = {isa = PBXFileReference; lastKnownFileType = text.plist.xml; path = Info.plist; sourceTree = "<group>"; };
		105B94321C71D8130050F92C /* libsqlite3.tbd */ = {isa = PBXFileReference; lastKnownFileType = "sourcecode.text-based-dylib-definition"; name = libsqlite3.tbd; path = usr/lib/libsqlite3.tbd; sourceTree = SDKROOT; };
		10B5B3E71C72B64900A80815 /* AreaModel.h */ = {isa = PBXFileReference; fileEncoding = 4; lastKnownFileType = sourcecode.c.h; path = AreaModel.h; sourceTree = "<group>"; };
		10B5B3E81C72B64900A80815 /* AreaModel.m */ = {isa = PBXFileReference; fileEncoding = 4; lastKnownFileType = sourcecode.c.objc; path = AreaModel.m; sourceTree = "<group>"; };
		10B5B3E91C72B64900A80815 /* china_citys_name.db */ = {isa = PBXFileReference; lastKnownFileType = file; path = china_citys_name.db; sourceTree = "<group>"; };
		10B5B3EA1C72B64900A80815 /* ChinaArea.h */ = {isa = PBXFileReference; fileEncoding = 4; lastKnownFileType = sourcecode.c.h; path = ChinaArea.h; sourceTree = "<group>"; };
		10B5B3EB1C72B64900A80815 /* ChinaArea.m */ = {isa = PBXFileReference; fileEncoding = 4; lastKnownFileType = sourcecode.c.objc; path = ChinaArea.m; sourceTree = "<group>"; };
		10B5B3EC1C72B64900A80815 /* ChinaPlckerView.h */ = {isa = PBXFileReference; fileEncoding = 4; lastKnownFileType = sourcecode.c.h; path = ChinaPlckerView.h; sourceTree = "<group>"; };
		10B5B3ED1C72B64900A80815 /* ChinaPlckerView.m */ = {isa = PBXFileReference; fileEncoding = 4; lastKnownFileType = sourcecode.c.objc; path = ChinaPlckerView.m; sourceTree = "<group>"; };
		10B5B3EE1C72B64900A80815 /* CityModel.h */ = {isa = PBXFileReference; fileEncoding = 4; lastKnownFileType = sourcecode.c.h; path = CityModel.h; sourceTree = "<group>"; };
		10B5B3EF1C72B64900A80815 /* CityModel.m */ = {isa = PBXFileReference; fileEncoding = 4; lastKnownFileType = sourcecode.c.objc; path = CityModel.m; sourceTree = "<group>"; };
		10B5B3F11C72B64900A80815 /* FMDatabase.h */ = {isa = PBXFileReference; fileEncoding = 4; lastKnownFileType = sourcecode.c.h; path = FMDatabase.h; sourceTree = "<group>"; };
		10B5B3F21C72B64900A80815 /* FMDatabase.m */ = {isa = PBXFileReference; fileEncoding = 4; lastKnownFileType = sourcecode.c.objc; path = FMDatabase.m; sourceTree = "<group>"; };
		10B5B3F31C72B64900A80815 /* FMDatabaseAdditions.h */ = {isa = PBXFileReference; fileEncoding = 4; lastKnownFileType = sourcecode.c.h; path = FMDatabaseAdditions.h; sourceTree = "<group>"; };
		10B5B3F41C72B64900A80815 /* FMDatabaseAdditions.m */ = {isa = PBXFileReference; fileEncoding = 4; lastKnownFileType = sourcecode.c.objc; path = FMDatabaseAdditions.m; sourceTree = "<group>"; };
		10B5B3F51C72B64900A80815 /* FMDatabasePool.h */ = {isa = PBXFileReference; fileEncoding = 4; lastKnownFileType = sourcecode.c.h; path = FMDatabasePool.h; sourceTree = "<group>"; };
		10B5B3F61C72B64900A80815 /* FMDatabasePool.m */ = {isa = PBXFileReference; fileEncoding = 4; lastKnownFileType = sourcecode.c.objc; path = FMDatabasePool.m; sourceTree = "<group>"; };
		10B5B3F71C72B64900A80815 /* FMDatabaseQueue.h */ = {isa = PBXFileReference; fileEncoding = 4; lastKnownFileType = sourcecode.c.h; path = FMDatabaseQueue.h; sourceTree = "<group>"; };
		10B5B3F81C72B64900A80815 /* FMDatabaseQueue.m */ = {isa = PBXFileReference; fileEncoding = 4; lastKnownFileType = sourcecode.c.objc; path = FMDatabaseQueue.m; sourceTree = "<group>"; };
		10B5B3F91C72B64900A80815 /* FMDB.h */ = {isa = PBXFileReference; fileEncoding = 4; lastKnownFileType = sourcecode.c.h; path = FMDB.h; sourceTree = "<group>"; };
		10B5B3FA1C72B64900A80815 /* FMResultSet.h */ = {isa = PBXFileReference; fileEncoding = 4; lastKnownFileType = sourcecode.c.h; path = FMResultSet.h; sourceTree = "<group>"; };
		10B5B3FB1C72B64900A80815 /* FMResultSet.m */ = {isa = PBXFileReference; fileEncoding = 4; lastKnownFileType = sourcecode.c.objc; path = FMResultSet.m; sourceTree = "<group>"; };
		10B5B3FC1C72B64900A80815 /* ProvinceModel.h */ = {isa = PBXFileReference; fileEncoding = 4; lastKnownFileType = sourcecode.c.h; path = ProvinceModel.h; sourceTree = "<group>"; };
		10B5B3FD1C72B64900A80815 /* ProvinceModel.m */ = {isa = PBXFileReference; fileEncoding = 4; lastKnownFileType = sourcecode.c.objc; path = ProvinceModel.m; sourceTree = "<group>"; };
/* End PBXFileReference section */

/* Begin PBXFrameworksBuildPhase section */
		105B93D61C71D5320050F92C /* Frameworks */ = {
			isa = PBXFrameworksBuildPhase;
			buildActionMask = 2147483647;
			files = (
				105B94331C71D8130050F92C /* libsqlite3.tbd in Frameworks */,
			);
			runOnlyForDeploymentPostprocessing = 0;
		};
		105B93EF1C71D5320050F92C /* Frameworks */ = {
			isa = PBXFrameworksBuildPhase;
			buildActionMask = 2147483647;
			files = (
			);
			runOnlyForDeploymentPostprocessing = 0;
		};
		105B93FA1C71D5320050F92C /* Frameworks */ = {
			isa = PBXFrameworksBuildPhase;
			buildActionMask = 2147483647;
			files = (
			);
			runOnlyForDeploymentPostprocessing = 0;
		};
/* End PBXFrameworksBuildPhase section */

/* Begin PBXGroup section */
		105B93D01C71D5310050F92C = {
			isa = PBXGroup;
			children = (
				105B94321C71D8130050F92C /* libsqlite3.tbd */,
				105B93DB1C71D5320050F92C /* 地址选择器 */,
				105B93F51C71D5320050F92C /* 地址选择器Tests */,
				105B94001C71D5320050F92C /* 地址选择器UITests */,
				105B93DA1C71D5320050F92C /* Products */,
			);
			sourceTree = "<group>";
		};
		105B93DA1C71D5320050F92C /* Products */ = {
			isa = PBXGroup;
			children = (
				105B93D91C71D5320050F92C /* 地址选择器.app */,
				105B93F21C71D5320050F92C /* 地址选择器Tests.xctest */,
				105B93FD1C71D5320050F92C /* 地址选择器UITests.xctest */,
			);
			name = Products;
			sourceTree = "<group>";
		};
		105B93DB1C71D5320050F92C /* 地址选择器 */ = {
			isa = PBXGroup;
			children = (
				105B93DF1C71D5320050F92C /* AppDelegate.h */,
				105B93E01C71D5320050F92C /* AppDelegate.m */,
				105B93E21C71D5320050F92C /* ViewController.h */,
				105B93E31C71D5320050F92C /* ViewController.m */,
				10B5B3E61C72B64900A80815 /* ChinaPlckerView */,
				105B93E51C71D5320050F92C /* Main.storyboard */,
				105B93E81C71D5320050F92C /* Assets.xcassets */,
				105B93EA1C71D5320050F92C /* LaunchScreen.storyboard */,
				105B93ED1C71D5320050F92C /* Info.plist */,
				105B93DC1C71D5320050F92C /* Supporting Files */,
			);
			path = "地址选择器";
			sourceTree = "<group>";
		};
		105B93DC1C71D5320050F92C /* Supporting Files */ = {
			isa = PBXGroup;
			children = (
				105B93DD1C71D5320050F92C /* main.m */,
			);
			name = "Supporting Files";
			sourceTree = "<group>";
		};
		105B93F51C71D5320050F92C /* 地址选择器Tests */ = {
			isa = PBXGroup;
			children = (
				105B93F61C71D5320050F92C /* _____Tests.m */,
				105B93F81C71D5320050F92C /* Info.plist */,
			);
			path = "地址选择器Tests";
			sourceTree = "<group>";
		};
		105B94001C71D5320050F92C /* 地址选择器UITests */ = {
			isa = PBXGroup;
			children = (
				105B94011C71D5320050F92C /* _____UITests.m */,
				105B94031C71D5320050F92C /* Info.plist */,
			);
			path = "地址选择器UITests";
			sourceTree = "<group>";
		};
		10B5B3E61C72B64900A80815 /* ChinaPlckerView */ = {
			isa = PBXGroup;
			children = (
				10B5B3EC1C72B64900A80815 /* ChinaPlckerView.h */,
				10B5B3ED1C72B64900A80815 /* ChinaPlckerView.m */,
				10B5B3EA1C72B64900A80815 /* ChinaArea.h */,
				10B5B3EB1C72B64900A80815 /* ChinaArea.m */,
				10B5B3E71C72B64900A80815 /* AreaModel.h */,
				10B5B3E81C72B64900A80815 /* AreaModel.m */,
				10B5B3EE1C72B64900A80815 /* CityModel.h */,
				10B5B3EF1C72B64900A80815 /* CityModel.m */,
				10B5B3FC1C72B64900A80815 /* ProvinceModel.h */,
				10B5B3FD1C72B64900A80815 /* ProvinceModel.m */,
				10B5B3E91C72B64900A80815 /* china_citys_name.db */,
				10B5B3F01C72B64900A80815 /* fmdb */,
			);
			path = ChinaPlckerView;
			sourceTree = "<group>";
		};
		10B5B3F01C72B64900A80815 /* fmdb */ = {
			isa = PBXGroup;
			children = (
				10B5B3F11C72B64900A80815 /* FMDatabase.h */,
				10B5B3F21C72B64900A80815 /* FMDatabase.m */,
				10B5B3F31C72B64900A80815 /* FMDatabaseAdditions.h */,
				10B5B3F41C72B64900A80815 /* FMDatabaseAdditions.m */,
				10B5B3F51C72B64900A80815 /* FMDatabasePool.h */,
				10B5B3F61C72B64900A80815 /* FMDatabasePool.m */,
				10B5B3F71C72B64900A80815 /* FMDatabaseQueue.h */,
				10B5B3F81C72B64900A80815 /* FMDatabaseQueue.m */,
				10B5B3F91C72B64900A80815 /* FMDB.h */,
				10B5B3FA1C72B64900A80815 /* FMResultSet.h */,
				10B5B3FB1C72B64900A80815 /* FMResultSet.m */,
			);
			path = fmdb;
			sourceTree = "<group>";
		};
/* End PBXGroup section */

/* Begin PBXNativeTarget section */
		105B93D81C71D5320050F92C /* 地址选择器 */ = {
			isa = PBXNativeTarget;
			buildConfigurationList = 105B94061C71D5320050F92C /* Build configuration list for PBXNativeTarget "地址选择器" */;
			buildPhases = (
				105B93D51C71D5320050F92C /* Sources */,
				105B93D61C71D5320050F92C /* Frameworks */,
				105B93D71C71D5320050F92C /* Resources */,
			);
			buildRules = (
			);
			dependencies = (
			);
			name = "地址选择器";
			productName = "地址选择器";
			productReference = 105B93D91C71D5320050F92C /* 地址选择器.app */;
			productType = "com.apple.product-type.application";
		};
		105B93F11C71D5320050F92C /* 地址选择器Tests */ = {
			isa = PBXNativeTarget;
			buildConfigurationList = 105B94091C71D5320050F92C /* Build configuration list for PBXNativeTarget "地址选择器Tests" */;
			buildPhases = (
				105B93EE1C71D5320050F92C /* Sources */,
				105B93EF1C71D5320050F92C /* Frameworks */,
				105B93F01C71D5320050F92C /* Resources */,
			);
			buildRules = (
			);
			dependencies = (
				105B93F41C71D5320050F92C /* PBXTargetDependency */,
			);
			name = "地址选择器Tests";
			productName = "地址选择器Tests";
			productReference = 105B93F21C71D5320050F92C /* 地址选择器Tests.xctest */;
			productType = "com.apple.product-type.bundle.unit-test";
		};
		105B93FC1C71D5320050F92C /* 地址选择器UITests */ = {
			isa = PBXNativeTarget;
			buildConfigurationList = 105B940C1C71D5320050F92C /* Build configuration list for PBXNativeTarget "地址选择器UITests" */;
			buildPhases = (
				105B93F91C71D5320050F92C /* Sources */,
				105B93FA1C71D5320050F92C /* Frameworks */,
				105B93FB1C71D5320050F92C /* Resources */,
			);
			buildRules = (
			);
			dependencies = (
				105B93FF1C71D5320050F92C /* PBXTargetDependency */,
			);
			name = "地址选择器UITests";
			productName = "地址选择器UITests";
			productReference = 105B93FD1C71D5320050F92C /* 地址选择器UITests.xctest */;
			productType = "com.apple.product-type.bundle.ui-testing";
		};
/* End PBXNativeTarget section */

/* Begin PBXProject section */
		105B93D11C71D5320050F92C /* Project object */ = {
			isa = PBXProject;
			attributes = {
				LastUpgradeCheck = 0720;
				ORGANIZATIONNAME = zhuming;
				TargetAttributes = {
					105B93D81C71D5320050F92C = {
						CreatedOnToolsVersion = 7.2;
					};
					105B93F11C71D5320050F92C = {
						CreatedOnToolsVersion = 7.2;
						DevelopmentTeam = A6CJBL77R4;
						TestTargetID = 105B93D81C71D5320050F92C;
					};
					105B93FC1C71D5320050F92C = {
						CreatedOnToolsVersion = 7.2;
						DevelopmentTeam = A6CJBL77R4;
						TestTargetID = 105B93D81C71D5320050F92C;
					};
				};
			};
			buildConfigurationList = 105B93D41C71D5320050F92C /* Build configuration list for PBXProject "地址选择器" */;
			compatibilityVersion = "Xcode 3.2";
			developmentRegion = English;
			hasScannedForEncodings = 0;
			knownRegions = (
				en,
				Base,
			);
			mainGroup = 105B93D01C71D5310050F92C;
			productRefGroup = 105B93DA1C71D5320050F92C /* Products */;
			projectDirPath = "";
			projectRoot = "";
			targets = (
				105B93D81C71D5320050F92C /* 地址选择器 */,
				105B93F11C71D5320050F92C /* 地址选择器Tests */,
				105B93FC1C71D5320050F92C /* 地址选择器UITests */,
			);
		};
/* End PBXProject section */

/* Begin PBXResourcesBuildPhase section */
		105B93D71C71D5320050F92C /* Resources */ = {
			isa = PBXResourcesBuildPhase;
			buildActionMask = 2147483647;
			files = (
				105B93EC1C71D5320050F92C /* LaunchScreen.storyboard in Resources */,
				105B93E91C71D5320050F92C /* Assets.xcassets in Resources */,
				105B93E71C71D5320050F92C /* Main.storyboard in Resources */,
				10B5B3FF1C72B64900A80815 /* china_citys_name.db in Resources */,
			);
			runOnlyForDeploymentPostprocessing = 0;
		};
		105B93F01C71D5320050F92C /* Resources */ = {
			isa = PBXResourcesBuildPhase;
			buildActionMask = 2147483647;
			files = (
			);
			runOnlyForDeploymentPostprocessing = 0;
		};
		105B93FB1C71D5320050F92C /* Resources */ = {
			isa = PBXResourcesBuildPhase;
			buildActionMask = 2147483647;
			files = (
			);
			runOnlyForDeploymentPostprocessing = 0;
		};
/* End PBXResourcesBuildPhase section */

/* Begin PBXSourcesBuildPhase section */
		105B93D51C71D5320050F92C /* Sources */ = {
			isa = PBXSourcesBuildPhase;
			buildActionMask = 2147483647;
			files = (
				10B5B3FE1C72B64900A80815 /* AreaModel.m in Sources */,
				10B5B4031C72B64900A80815 /* FMDatabase.m in Sources */,
				105B93E41C71D5320050F92C /* ViewController.m in Sources */,
				105B93E11C71D5320050F92C /* AppDelegate.m in Sources */,
				10B5B4071C72B64900A80815 /* FMResultSet.m in Sources */,
				10B5B4081C72B64900A80815 /* ProvinceModel.m in Sources */,
				10B5B4021C72B64900A80815 /* CityModel.m in Sources */,
				10B5B4001C72B64900A80815 /* ChinaArea.m in Sources */,
				10B5B4011C72B64900A80815 /* ChinaPlckerView.m in Sources */,
				10B5B4041C72B64900A80815 /* FMDatabaseAdditions.m in Sources */,
				105B93DE1C71D5320050F92C /* main.m in Sources */,
				10B5B4061C72B64900A80815 /* FMDatabaseQueue.m in Sources */,
				10B5B4051C72B64900A80815 /* FMDatabasePool.m in Sources */,
			);
			runOnlyForDeploymentPostprocessing = 0;
		};
		105B93EE1C71D5320050F92C /* Sources */ = {
			isa = PBXSourcesBuildPhase;
			buildActionMask = 2147483647;
			files = (
				105B93F71C71D5320050F92C /* _____Tests.m in Sources */,
			);
			runOnlyForDeploymentPostprocessing = 0;
		};
		105B93F91C71D5320050F92C /* Sources */ = {
			isa = PBXSourcesBuildPhase;
			buildActionMask = 2147483647;
			files = (
				105B94021C71D5320050F92C /* _____UITests.m in Sources */,
			);
			runOnlyForDeploymentPostprocessing = 0;
		};
/* End PBXSourcesBuildPhase section */

/* Begin PBXTargetDependency section */
		105B93F41C71D5320050F92C /* PBXTargetDependency */ = {
			isa = PBXTargetDependency;
			target = 105B93D81C71D5320050F92C /* 地址选择器 */;
			targetProxy = 105B93F31C71D5320050F92C /* PBXContainerItemProxy */;
		};
		105B93FF1C71D5320050F92C /* PBXTargetDependency */ = {
			isa = PBXTargetDependency;
			target = 105B93D81C71D5320050F92C /* 地址选择器 */;
			targetProxy = 105B93FE1C71D5320050F92C /* PBXContainerItemProxy */;
		};
/* End PBXTargetDependency section */

/* Begin PBXVariantGroup section */
		105B93E51C71D5320050F92C /* Main.storyboard */ = {
			isa = PBXVariantGroup;
			children = (
				105B93E61C71D5320050F92C /* Base */,
			);
			name = Main.storyboard;
			sourceTree = "<group>";
		};
		105B93EA1C71D5320050F92C /* LaunchScreen.storyboard */ = {
			isa = PBXVariantGroup;
			children = (
				105B93EB1C71D5320050F92C /* Base */,
			);
			name = LaunchScreen.storyboard;
			sourceTree = "<group>";
		};
/* End PBXVariantGroup section */

/* Begin XCBuildConfiguration section */
		105B94041C71D5320050F92C /* Debug */ = {
			isa = XCBuildConfiguration;
			buildSettings = {
				ALWAYS_SEARCH_USER_PATHS = NO;
				CLANG_CXX_LANGUAGE_STANDARD = "gnu++0x";
				CLANG_CXX_LIBRARY = "libc++";
				CLANG_ENABLE_MODULES = YES;
				CLANG_ENABLE_OBJC_ARC = YES;
				CLANG_WARN_BOOL_CONVERSION = YES;
				CLANG_WARN_CONSTANT_CONVERSION = YES;
				CLANG_WARN_DIRECT_OBJC_ISA_USAGE = YES_ERROR;
				CLANG_WARN_EMPTY_BODY = YES;
				CLANG_WARN_ENUM_CONVERSION = YES;
				CLANG_WARN_INT_CONVERSION = YES;
				CLANG_WARN_OBJC_ROOT_CLASS = YES_ERROR;
				CLANG_WARN_UNREACHABLE_CODE = YES;
				CLANG_WARN__DUPLICATE_METHOD_MATCH = YES;
				"CODE_SIGN_IDENTITY[sdk=iphoneos*]" = "iPhone Developer";
				COPY_PHASE_STRIP = NO;
				DEBUG_INFORMATION_FORMAT = dwarf;
				ENABLE_STRICT_OBJC_MSGSEND = YES;
				ENABLE_TESTABILITY = YES;
				GCC_C_LANGUAGE_STANDARD = gnu99;
				GCC_DYNAMIC_NO_PIC = NO;
				GCC_NO_COMMON_BLOCKS = YES;
				GCC_OPTIMIZATION_LEVEL = 0;
				GCC_PREPROCESSOR_DEFINITIONS = (
					"DEBUG=1",
					"$(inherited)",
				);
				GCC_WARN_64_TO_32_BIT_CONVERSION = YES;
				GCC_WARN_ABOUT_RETURN_TYPE = YES_ERROR;
				GCC_WARN_UNDECLARED_SELECTOR = YES;
				GCC_WARN_UNINITIALIZED_AUTOS = YES_AGGRESSIVE;
				GCC_WARN_UNUSED_FUNCTION = YES;
				GCC_WARN_UNUSED_VARIABLE = YES;
				IPHONEOS_DEPLOYMENT_TARGET = 8.0;
				MTL_ENABLE_DEBUG_INFO = YES;
				ONLY_ACTIVE_ARCH = YES;
				PROVISIONING_PROFILE = "";
				SDKROOT = iphoneos;
				TARGETED_DEVICE_FAMILY = "1,2";
			};
			name = Debug;
		};
		105B94051C71D5320050F92C /* Release */ = {
			isa = XCBuildConfiguration;
			buildSettings = {
				ALWAYS_SEARCH_USER_PATHS = NO;
				CLANG_CXX_LANGUAGE_STANDARD = "gnu++0x";
				CLANG_CXX_LIBRARY = "libc++";
				CLANG_ENABLE_MODULES = YES;
				CLANG_ENABLE_OBJC_ARC = YES;
				CLANG_WARN_BOOL_CONVERSION = YES;
				CLANG_WARN_CONSTANT_CONVERSION = YES;
				CLANG_WARN_DIRECT_OBJC_ISA_USAGE = YES_ERROR;
				CLANG_WARN_EMPTY_BODY = YES;
				CLANG_WARN_ENUM_CONVERSION = YES;
				CLANG_WARN_INT_CONVERSION = YES;
				CLANG_WARN_OBJC_ROOT_CLASS = YES_ERROR;
				CLANG_WARN_UNREACHABLE_CODE = YES;
				CLANG_WARN__DUPLICATE_METHOD_MATCH = YES;
				"CODE_SIGN_IDENTITY[sdk=iphoneos*]" = "iPhone Developer";
				COPY_PHASE_STRIP = NO;
				DEBUG_INFORMATION_FORMAT = "dwarf-with-dsym";
				ENABLE_NS_ASSERTIONS = NO;
				ENABLE_STRICT_OBJC_MSGSEND = YES;
				GCC_C_LANGUAGE_STANDARD = gnu99;
				GCC_NO_COMMON_BLOCKS = YES;
				GCC_WARN_64_TO_32_BIT_CONVERSION = YES;
				GCC_WARN_ABOUT_RETURN_TYPE = YES_ERROR;
				GCC_WARN_UNDECLARED_SELECTOR = YES;
				GCC_WARN_UNINITIALIZED_AUTOS = YES_AGGRESSIVE;
				GCC_WARN_UNUSED_FUNCTION = YES;
				GCC_WARN_UNUSED_VARIABLE = YES;
				IPHONEOS_DEPLOYMENT_TARGET = 8.0;
				MTL_ENABLE_DEBUG_INFO = NO;
				PROVISIONING_PROFILE = "";
				SDKROOT = iphoneos;
				TARGETED_DEVICE_FAMILY = "1,2";
				VALIDATE_PRODUCT = YES;
			};
			name = Release;
		};
		105B94071C71D5320050F92C /* Debug */ = {
			isa = XCBuildConfiguration;
			buildSettings = {
				ASSETCATALOG_COMPILER_APPICON_NAME = AppIcon;
				CODE_SIGN_IDENTITY = "iPhone Developer";
				INFOPLIST_FILE = "地址选择器/Info.plist";
				LD_RUNPATH_SEARCH_PATHS = "$(inherited) @executable_path/Frameworks";
				PRODUCT_BUNDLE_IDENTIFIER = "zhuming.-----";
				PRODUCT_NAME = "$(TARGET_NAME)";
				PROVISIONING_PROFILE = "";
			};
			name = Debug;
		};
		105B94081C71D5320050F92C /* Release */ = {
			isa = XCBuildConfiguration;
			buildSettings = {
				ASSETCATALOG_COMPILER_APPICON_NAME = AppIcon;
				CODE_SIGN_IDENTITY = "iPhone Developer";
				INFOPLIST_FILE = "地址选择器/Info.plist";
				LD_RUNPATH_SEARCH_PATHS = "$(inherited) @executable_path/Frameworks";
				PRODUCT_BUNDLE_IDENTIFIER = "zhuming.-----";
				PRODUCT_NAME = "$(TARGET_NAME)";
				PROVISIONING_PROFILE = "";
			};
			name = Release;
		};
		105B940A1C71D5320050F92C /* Debug */ = {
			isa = XCBuildConfiguration;
			buildSettings = {
				BUNDLE_LOADER = "$(TEST_HOST)";
				INFOPLIST_FILE = "地址选择器Tests/Info.plist";
				LD_RUNPATH_SEARCH_PATHS = "$(inherited) @executable_path/Frameworks @loader_path/Frameworks";
				PRODUCT_BUNDLE_IDENTIFIER = "zhuming.-----Tests";
				PRODUCT_NAME = "$(TARGET_NAME)";
				TEST_HOST = "$(BUILT_PRODUCTS_DIR)/地址选择器.app/地址选择器";
			};
			name = Debug;
		};
		105B940B1C71D5320050F92C /* Release */ = {
			isa = XCBuildConfiguration;
			buildSettings = {
				BUNDLE_LOADER = "$(TEST_HOST)";
				INFOPLIST_FILE = "地址选择器Tests/Info.plist";
				LD_RUNPATH_SEARCH_PATHS = "$(inherited) @executable_path/Frameworks @loader_path/Frameworks";
				PRODUCT_BUNDLE_IDENTIFIER = "zhuming.-----Tests";
				PRODUCT_NAME = "$(TARGET_NAME)";
				TEST_HOST = "$(BUILT_PRODUCTS_DIR)/地址选择器.app/地址选择器";
			};
			name = Release;
		};
		105B940D1C71D5320050F92C /* Debug */ = {
			isa = XCBuildConfiguration;
			buildSettings = {
				INFOPLIST_FILE = "地址选择器UITests/Info.plist";
				LD_RUNPATH_SEARCH_PATHS = "$(inherited) @executable_path/Frameworks @loader_path/Frameworks";
				PRODUCT_BUNDLE_IDENTIFIER = "zhuming.-----UITests";
				PRODUCT_NAME = "$(TARGET_NAME)";
				TEST_TARGET_NAME = "地址选择器";
				USES_XCTRUNNER = YES;
			};
			name = Debug;
		};
		105B940E1C71D5320050F92C /* Release */ = {
			isa = XCBuildConfiguration;
			buildSettings = {
				INFOPLIST_FILE = "地址选择器UITests/Info.plist";
				LD_RUNPATH_SEARCH_PATHS = "$(inherited) @executable_path/Frameworks @loader_path/Frameworks";
				PRODUCT_BUNDLE_IDENTIFIER = "zhuming.-----UITests";
				PRODUCT_NAME = "$(TARGET_NAME)";
				TEST_TARGET_NAME = "地址选择器";
				USES_XCTRUNNER = YES;
			};
			name = Release;
		};
/* End XCBuildConfiguration section */

/* Begin XCConfigurationList section */
		105B93D41C71D5320050F92C /* Build configuration list for PBXProject "地址选择器" */ = {
			isa = XCConfigurationList;
			buildConfigurations = (
				105B94041C71D5320050F92C /* Debug */,
				105B94051C71D5320050F92C /* Release */,
			);
			defaultConfigurationIsVisible = 0;
			defaultConfigurationName = Release;
		};
		105B94061C71D5320050F92C /* Build configuration list for PBXNativeTarget "地址选择器" */ = {
			isa = XCConfigurationList;
			buildConfigurations = (
				105B94071C71D5320050F92C /* Debug */,
				105B94081C71D5320050F92C /* Release */,
			);
			defaultConfigurationIsVisible = 0;
			defaultConfigurationName = Release;
		};
		105B94091C71D5320050F92C /* Build configuration list for PBXNativeTarget "地址选择器Tests" */ = {
			isa = XCConfigurationList;
			buildConfigurations = (
				105B940A1C71D5320050F92C /* Debug */,
				105B940B1C71D5320050F92C /* Release */,
			);
			defaultConfigurationIsVisible = 0;
			defaultConfigurationName = Release;
		};
		105B940C1C71D5320050F92C /* Build configuration list for PBXNativeTarget "地址选择器UITests" */ = {
			isa = XCConfigurationList;
			buildConfigurations = (
				105B940D1C71D5320050F92C /* Debug */,
				105B940E1C71D5320050F92C /* Release */,
			);
			defaultConfigurationIsVisible = 0;
			defaultConfigurationName = Release;
		};
/* End XCConfigurationList section */
	};
	rootObject = 105B93D11C71D5320050F92C /* Project object */;
}
